
Microsoft Visual Studio Solution File, Format Version 12.00
# Visual Studio 16
Project("{FAE04EC0-301F-11D3-BF4B-00C04F79EFBC}") = "Assembly-CSharp", "Assembly-CSharp.csproj", "{12C21EE3-2C7A-0115-1D69-55FA11A1E260}"
EndProject
Project("{FAE04EC0-301F-11D3-BF4B-00C04F79EFBC}") = "Assembly-CSharp-Editor", "Assembly-CSharp-Editor.csproj", "{4AD2D6EB-DD3F-6A35-D775-E37B57B7CF4C}"
EndProject
Project("{FAE04EC0-301F-11D3-BF4B-00C04F79EFBC}") = "Assembly-CSharp-Editor-firstpass", "Assembly-CSharp-Editor-firstpass.csproj", "{EB102BCF-65B8-FB7D-9820-2488F99BA3D5}"
EndProject
Global
	GlobalSection(SolutionConfigurationPlatforms) = preSolution
		Debug|Any CPU = Debug|Any CPU
		Release|Any CPU = Release|Any CPU
	EndGlobalSection
	GlobalSection(ProjectConfigurationPlatforms) = postSolution
		{12C21EE3-2C7A-0115-1D69-55FA11A1E260}.Debug|Any CPU.ActiveCfg = Debug|Any CPU
		{12C21EE3-2C7A-0115-1D69-55FA11A1E260}.Debug|Any CPU.Build.0 = Debug|Any CPU
		{12C21EE3-2C7A-0115-1D69-55FA11A1E260}.Release|Any CPU.ActiveCfg = Release|Any CPU
		{12C21EE3-2C7A-0115-1D69-55FA11A1E260}.Release|Any CPU.Build.0 = Release|Any CPU
		{4AD2D6EB-DD3F-6A35-D775-E37B57B7CF4C}.Debug|Any CPU.ActiveCfg = Debug|Any CPU
		{4AD2D6EB-DD3F-6A35-D775-E37B57B7CF4C}.Debug|Any CPU.Build.0 = Debug|Any CPU
		{4AD2D6EB-DD3F-6A35-D775-E37B57B7CF4C}.Release|Any CPU.ActiveCfg = Release|Any CPU
		{4AD2D6EB-DD3F-6A35-D775-E37B57B7CF4C}.Release|Any CPU.Build.0 = Release|Any CPU
		{EB102BCF-65B8-FB7D-9820-2488F99BA3D5}.Debug|Any CPU.ActiveCfg = Debug|Any CPU
		{EB102BCF-65B8-FB7D-9820-2488F99BA3D5}.Debug|Any CPU.Build.0 = Debug|Any CPU
		{EB102BCF-65B8-FB7D-9820-2488F99BA3D5}.Release|Any CPU.ActiveCfg = Release|Any CPU
		{EB102BCF-65B8-FB7D-9820-2488F99BA3D5}.Release|Any CPU.Build.0 = Release|Any CPU
	EndGlobalSection
	GlobalSection(SolutionProperties) = preSolution
		HideSolutionNode = FALSE
	EndGlobalSection
EndGlobal
